
Microsoft Visual Studio Solution File, Format Version 12.00
# Visual Studio 14
VisualStudioVersion = 14.0.25420.1
MinimumVisualStudioVersion = 10.0.40219.1
Project("{8BC9CEB8-8B4A-11D0-8D11-00A0C91BC942}") = "fxlib", "fxlib\fxlib.vcxproj", "{BCA1545F-D487-46D6-AB26-C27A22EFD056}"
EndProject
Project("{8BC9CEB8-8B4A-11D0-8D11-00A0C91BC942}") = "qc", "qc\qc.vcxproj", "{353F89CE-40A2-4F04-BEA0-C897C81E0CAA}"
EndProject
Project("{8BC9CEB8-8B4A-11D0-8D11-00A0C91BC942}") = "fxlib-test", "fxlib-test\fxlib-test.vcxproj", "{3043C193-4F09-4410-A22F-3BA9B4DC8571}"
EndProject
Project("{2150E333-8FDC-42A3-9474-1A3956D46DE8}") = "Tests", "Tests", "{5F25BD85-6DFE-4315-AF02-405FDEB18EE7}"
EndProject
Project("{8BC9CEB8-8B4A-11D0-8D11-00A0C91BC942}") = "lsa", "lsa\lsa.vcxproj", "{24E43695-13A8-40DC-92AF-61CB5A92741C}"
EndProject
Project("{8BC9CEB8-8B4A-11D0-8D11-00A0C91BC942}") = "math", "math\mathlib\math.vcxproj", "{F39BD92C-B08F-4E7D-80ED-47EACD6F4EF7}"
EndProject
Project("{8BC9CEB8-8B4A-11D0-8D11-00A0C91BC942}") = "mathlib-test", "math\mathlib-test\mathlib-test\mathlib-test.vcxproj", "{92715C9B-9AB6-4FE3-8DBE-92261695A3A6}"
EndProject
Project("{2150E333-8FDC-42A3-9474-1A3956D46DE8}") = "Analysis", "Analysis", "{23629A07-E3E2-4076-8CC1-55C73D073161}"
EndProject
Global
	GlobalSection(SolutionConfigurationPlatforms) = preSolution
		Debug|x64 = Debug|x64
		Debug|x86 = Debug|x86
		Release|x64 = Release|x64
		Release|x86 = Release|x86
	EndGlobalSection
	GlobalSection(ProjectConfigurationPlatforms) = postSolution
		{BCA1545F-D487-46D6-AB26-C27A22EFD056}.Debug|x64.ActiveCfg = Debug|x64
		{BCA1545F-D487-46D6-AB26-C27A22EFD056}.Debug|x64.Build.0 = Debug|x64
		{BCA1545F-D487-46D6-AB26-C27A22EFD056}.Debug|x86.ActiveCfg = Debug|Win32
		{BCA1545F-D487-46D6-AB26-C27A22EFD056}.Debug|x86.Build.0 = Debug|Win32
		{BCA1545F-D487-46D6-AB26-C27A22EFD056}.Release|x64.ActiveCfg = Release|x64
		{BCA1545F-D487-46D6-AB26-C27A22EFD056}.Release|x64.Build.0 = Release|x64
		{BCA1545F-D487-46D6-AB26-C27A22EFD056}.Release|x86.ActiveCfg = Release|Win32
		{BCA1545F-D487-46D6-AB26-C27A22EFD056}.Release|x86.Build.0 = Release|Win32
		{353F89CE-40A2-4F04-BEA0-C897C81E0CAA}.Debug|x64.ActiveCfg = Debug|x64
		{353F89CE-40A2-4F04-BEA0-C897C81E0CAA}.Debug|x64.Build.0 = Debug|x64
		{353F89CE-40A2-4F04-BEA0-C897C81E0CAA}.Debug|x86.ActiveCfg = Debug|Win32
		{353F89CE-40A2-4F04-BEA0-C897C81E0CAA}.Debug|x86.Build.0 = Debug|Win32
		{353F89CE-40A2-4F04-BEA0-C897C81E0CAA}.Release|x64.ActiveCfg = Release|x64
		{353F89CE-40A2-4F04-BEA0-C897C81E0CAA}.Release|x64.Build.0 = Release|x64
		{353F89CE-40A2-4F04-BEA0-C897C81E0CAA}.Release|x86.ActiveCfg = Release|Win32
		{353F89CE-40A2-4F04-BEA0-C897C81E0CAA}.Release|x86.Build.0 = Release|Win32
		{3043C193-4F09-4410-A22F-3BA9B4DC8571}.Debug|x64.ActiveCfg = Debug|x64
		{3043C193-4F09-4410-A22F-3BA9B4DC8571}.Debug|x64.Build.0 = Debug|x64
		{3043C193-4F09-4410-A22F-3BA9B4DC8571}.Debug|x86.ActiveCfg = Debug|Win32
		{3043C193-4F09-4410-A22F-3BA9B4DC8571}.Debug|x86.Build.0 = Debug|Win32
		{3043C193-4F09-4410-A22F-3BA9B4DC8571}.Release|x64.ActiveCfg = Release|x64
		{3043C193-4F09-4410-A22F-3BA9B4DC8571}.Release|x64.Build.0 = Release|x64
		{3043C193-4F09-4410-A22F-3BA9B4DC8571}.Release|x86.ActiveCfg = Release|Win32
		{3043C193-4F09-4410-A22F-3BA9B4DC8571}.Release|x86.Build.0 = Release|Win32
		{24E43695-13A8-40DC-92AF-61CB5A92741C}.Debug|x64.ActiveCfg = Debug|x64
		{24E43695-13A8-40DC-92AF-61CB5A92741C}.Debug|x64.Build.0 = Debug|x64
		{24E43695-13A8-40DC-92AF-61CB5A92741C}.Debug|x86.ActiveCfg = Debug|Win32
		{24E43695-13A8-40DC-92AF-61CB5A92741C}.Debug|x86.Build.0 = Debug|Win32
		{24E43695-13A8-40DC-92AF-61CB5A92741C}.Release|x64.ActiveCfg = Release|x64
		{24E43695-13A8-40DC-92AF-61CB5A92741C}.Release|x64.Build.0 = Release|x64
		{24E43695-13A8-40DC-92AF-61CB5A92741C}.Release|x86.ActiveCfg = Release|Win32
		{24E43695-13A8-40DC-92AF-61CB5A92741C}.Release|x86.Build.0 = Release|Win32
		{F39BD92C-B08F-4E7D-80ED-47EACD6F4EF7}.Debug|x64.ActiveCfg = Debug|x64
		{F39BD92C-B08F-4E7D-80ED-47EACD6F4EF7}.Debug|x64.Build.0 = Debug|x64
		{F39BD92C-B08F-4E7D-80ED-47EACD6F4EF7}.Debug|x86.ActiveCfg = Debug|Win32
		{F39BD92C-B08F-4E7D-80ED-47EACD6F4EF7}.Debug|x86.Build.0 = Debug|Win32
		{F39BD92C-B08F-4E7D-80ED-47EACD6F4EF7}.Release|x64.ActiveCfg = Release|x64
		{F39BD92C-B08F-4E7D-80ED-47EACD6F4EF7}.Release|x64.Build.0 = Release|x64
		{F39BD92C-B08F-4E7D-80ED-47EACD6F4EF7}.Release|x86.ActiveCfg = Release|Win32
		{F39BD92C-B08F-4E7D-80ED-47EACD6F4EF7}.Release|x86.Build.0 = Release|Win32
		{92715C9B-9AB6-4FE3-8DBE-92261695A3A6}.Debug|x64.ActiveCfg = Debug|x64
		{92715C9B-9AB6-4FE3-8DBE-92261695A3A6}.Debug|x64.Build.0 = Debug|x64
		{92715C9B-9AB6-4FE3-8DBE-92261695A3A6}.Debug|x86.ActiveCfg = Debug|Win32
		{92715C9B-9AB6-4FE3-8DBE-92261695A3A6}.Debug|x86.Build.0 = Debug|Win32
		{92715C9B-9AB6-4FE3-8DBE-92261695A3A6}.Release|x64.ActiveCfg = Release|x64
		{92715C9B-9AB6-4FE3-8DBE-92261695A3A6}.Release|x64.Build.0 = Release|x64
		{92715C9B-9AB6-4FE3-8DBE-92261695A3A6}.Release|x86.ActiveCfg = Release|Win32
		{92715C9B-9AB6-4FE3-8DBE-92261695A3A6}.Release|x86.Build.0 = Release|Win32
	EndGlobalSection
	GlobalSection(SolutionProperties) = preSolution
		HideSolutionNode = FALSE
	EndGlobalSection
	GlobalSection(NestedProjects) = preSolution
		{353F89CE-40A2-4F04-BEA0-C897C81E0CAA} = {23629A07-E3E2-4076-8CC1-55C73D073161}
		{3043C193-4F09-4410-A22F-3BA9B4DC8571} = {5F25BD85-6DFE-4315-AF02-405FDEB18EE7}
		{24E43695-13A8-40DC-92AF-61CB5A92741C} = {23629A07-E3E2-4076-8CC1-55C73D073161}
		{92715C9B-9AB6-4FE3-8DBE-92261695A3A6} = {5F25BD85-6DFE-4315-AF02-405FDEB18EE7}
	EndGlobalSection
EndGlobal
